// !$*UTF8*$!
{
	archiveVersion = 1;
	classes = {
	};
	objectVersion = 50;
	objects = {

/* Begin PBXBuildFile section */
		A4013CEF2628DFE200DA5F03 /* TouchdownApp.swift in Sources */ = {isa = PBXBuildFile; fileRef = A4013CEE2628DFE200DA5F03 /* TouchdownApp.swift */; };
		A4013CF12628DFE200DA5F03 /* ContentView.swift in Sources */ = {isa = PBXBuildFile; fileRef = A4013CF02628DFE200DA5F03 /* ContentView.swift */; };
		A4013CF32628DFE600DA5F03 /* Assets.xcassets in Resources */ = {isa = PBXBuildFile; fileRef = A4013CF22628DFE600DA5F03 /* Assets.xcassets */; };
		A4013CF62628DFE600DA5F03 /* Preview Assets.xcassets in Resources */ = {isa = PBXBuildFile; fileRef = A4013CF52628DFE600DA5F03 /* Preview Assets.xcassets */; };
		A4013D032628E0D600DA5F03 /* product.json in Resources */ = {isa = PBXBuildFile; fileRef = A4013CFF2628E0D600DA5F03 /* product.json */; };
		A4013D042628E0D600DA5F03 /* brand.json in Resources */ = {isa = PBXBuildFile; fileRef = A4013D002628E0D600DA5F03 /* brand.json */; };
		A4013D052628E0D600DA5F03 /* player.json in Resources */ = {isa = PBXBuildFile; fileRef = A4013D012628E0D600DA5F03 /* player.json */; };
		A4013D062628E0D600DA5F03 /* category.json in Resources */ = {isa = PBXBuildFile; fileRef = A4013D022628E0D600DA5F03 /* category.json */; };
		A4013D112628E3B100DA5F03 /* Constant.swift in Sources */ = {isa = PBXBuildFile; fileRef = A4013D102628E3B100DA5F03 /* Constant.swift */; };
		A4013D142628E4E700DA5F03 /* FooterView.swift in Sources */ = {isa = PBXBuildFile; fileRef = A4013D132628E4E700DA5F03 /* FooterView.swift */; };
		A4013D172628EC1300DA5F03 /* NavigationBarView.swift in Sources */ = {isa = PBXBuildFile; fileRef = A4013D162628EC1300DA5F03 /* NavigationBarView.swift */; };
		A4013D1A2628EE5F00DA5F03 /* LogoView.swift in Sources */ = {isa = PBXBuildFile; fileRef = A4013D192628EE5F00DA5F03 /* LogoView.swift */; };
		A4013D1D2628F68000DA5F03 /* PlayerModel.swift in Sources */ = {isa = PBXBuildFile; fileRef = A4013D1C2628F68000DA5F03 /* PlayerModel.swift */; };
		A4013D212628F73600DA5F03 /* CodableBundleExtension.swift in Sources */ = {isa = PBXBuildFile; fileRef = A4013D202628F73600DA5F03 /* CodableBundleExtension.swift */; };
		A4013D242628FE6F00DA5F03 /* FeaturedItemView.swift in Sources */ = {isa = PBXBuildFile; fileRef = A4013D232628FE6F00DA5F03 /* FeaturedItemView.swift */; };
		A4013D272628FF5300DA5F03 /* FeaturedTabView.swift in Sources */ = {isa = PBXBuildFile; fileRef = A4013D262628FF5300DA5F03 /* FeaturedTabView.swift */; };
		A4013D2A2629F9DB00DA5F03 /* CategoryModel.swift in Sources */ = {isa = PBXBuildFile; fileRef = A4013D292629F9DB00DA5F03 /* CategoryModel.swift */; };
		A4013D2D2629FB9200DA5F03 /* CategoryItemView.swift in Sources */ = {isa = PBXBuildFile; fileRef = A4013D2C2629FB9200DA5F03 /* CategoryItemView.swift */; };
		A4013D302629FE1600DA5F03 /* CategoryGridView.swift in Sources */ = {isa = PBXBuildFile; fileRef = A4013D2F2629FE1600DA5F03 /* CategoryGridView.swift */; };
		A4013D33262A007800DA5F03 /* SectionView.swift in Sources */ = {isa = PBXBuildFile; fileRef = A4013D32262A007800DA5F03 /* SectionView.swift */; };
		A4013D36262A035D00DA5F03 /* TitleView.swift in Sources */ = {isa = PBXBuildFile; fileRef = A4013D35262A035D00DA5F03 /* TitleView.swift */; };
		A4013D39262A047E00DA5F03 /* ProductModel.swift in Sources */ = {isa = PBXBuildFile; fileRef = A4013D38262A047E00DA5F03 /* ProductModel.swift */; };
		A4013D3C262A05C300DA5F03 /* ProductItemView.swift in Sources */ = {isa = PBXBuildFile; fileRef = A4013D3B262A05C300DA5F03 /* ProductItemView.swift */; };
		A4013D3F262A0D8200DA5F03 /* BrandModel.swift in Sources */ = {isa = PBXBuildFile; fileRef = A4013D3E262A0D8200DA5F03 /* BrandModel.swift */; };
		A4013D42262A0E6800DA5F03 /* BrandItemView.swift in Sources */ = {isa = PBXBuildFile; fileRef = A4013D41262A0E6800DA5F03 /* BrandItemView.swift */; };
		A4013D45262A0FDD00DA5F03 /* BrandGridView.swift in Sources */ = {isa = PBXBuildFile; fileRef = A4013D44262A0FDD00DA5F03 /* BrandGridView.swift */; };
		A4013D48262A33ED00DA5F03 /* ProductDetailView.swift in Sources */ = {isa = PBXBuildFile; fileRef = A4013D47262A33ED00DA5F03 /* ProductDetailView.swift */; };
		A4013D4B262A35DD00DA5F03 /* NavigationBarDetailView.swift in Sources */ = {isa = PBXBuildFile; fileRef = A4013D4A262A35DD00DA5F03 /* NavigationBarDetailView.swift */; };
		A4013D4E262A37D600DA5F03 /* HeaderDetailView.swift in Sources */ = {isa = PBXBuildFile; fileRef = A4013D4D262A37D600DA5F03 /* HeaderDetailView.swift */; };
		A4013D51262A391000DA5F03 /* TopPartDetailView.swift in Sources */ = {isa = PBXBuildFile; fileRef = A4013D50262A391000DA5F03 /* TopPartDetailView.swift */; };
		A4013D54262A3DF100DA5F03 /* CustomShape.swift in Sources */ = {isa = PBXBuildFile; fileRef = A4013D53262A3DF100DA5F03 /* CustomShape.swift */; };
		A4013D57262A40F500DA5F03 /* RatingsSizesDetailView.swift in Sources */ = {isa = PBXBuildFile; fileRef = A4013D56262A40F500DA5F03 /* RatingsSizesDetailView.swift */; };
		A4013D5A262A46A300DA5F03 /* QuantityFavouriteDetailView.swift in Sources */ = {isa = PBXBuildFile; fileRef = A4013D59262A46A300DA5F03 /* QuantityFavouriteDetailView.swift */; };
		A4013D5D262A4A1800DA5F03 /* AddToCartDetailView.swift in Sources */ = {isa = PBXBuildFile; fileRef = A4013D5C262A4A1800DA5F03 /* AddToCartDetailView.swift */; };
		A4013D60262A4E7F00DA5F03 /* Shop.swift in Sources */ = {isa = PBXBuildFile; fileRef = A4013D5F262A4E7F00DA5F03 /* Shop.swift */; };
/* End PBXBuildFile section */

/* Begin PBXFileReference section */
		A4013CEB2628DFE200DA5F03 /* Touchdown.app */ = {isa = PBXFileReference; explicitFileType = wrapper.application; includeInIndex = 0; path = Touchdown.app; sourceTree = BUILT_PRODUCTS_DIR; };
		A4013CEE2628DFE200DA5F03 /* TouchdownApp.swift */ = {isa = PBXFileReference; lastKnownFileType = sourcecode.swift; path = TouchdownApp.swift; sourceTree = "<group>"; };
		A4013CF02628DFE200DA5F03 /* ContentView.swift */ = {isa = PBXFileReference; lastKnownFileType = sourcecode.swift; path = ContentView.swift; sourceTree = "<group>"; };
		A4013CF22628DFE600DA5F03 /* Assets.xcassets */ = {isa = PBXFileReference; lastKnownFileType = folder.assetcatalog; path = Assets.xcassets; sourceTree = "<group>"; };
		A4013CF52628DFE600DA5F03 /* Preview Assets.xcassets */ = {isa = PBXFileReference; lastKnownFileType = folder.assetcatalog; path = "Preview Assets.xcassets"; sourceTree = "<group>"; };
		A4013CF72628DFE600DA5F03 /* Info.plist */ = {isa = PBXFileReference; lastKnownFileType = text.plist.xml; path = Info.plist; sourceTree = "<group>"; };
		A4013CFF2628E0D600DA5F03 /* product.json */ = {isa = PBXFileReference; fileEncoding = 4; lastKnownFileType = text.json; path = product.json; sourceTree = "<group>"; };
		A4013D002628E0D600DA5F03 /* brand.json */ = {isa = PBXFileReference; fileEncoding = 4; lastKnownFileType = text.json; path = brand.json; sourceTree = "<group>"; };
		A4013D012628E0D600DA5F03 /* player.json */ = {isa = PBXFileReference; fileEncoding = 4; lastKnownFileType = text.json; path = player.json; sourceTree = "<group>"; };
		A4013D022628E0D600DA5F03 /* category.json */ = {isa = PBXFileReference; fileEncoding = 4; lastKnownFileType = text.json; path = category.json; sourceTree = "<group>"; };
		A4013D102628E3B100DA5F03 /* Constant.swift */ = {isa = PBXFileReference; lastKnownFileType = sourcecode.swift; path = Constant.swift; sourceTree = "<group>"; };
		A4013D132628E4E700DA5F03 /* FooterView.swift */ = {isa = PBXFileReference; lastKnownFileType = sourcecode.swift; path = FooterView.swift; sourceTree = "<group>"; };
		A4013D162628EC1300DA5F03 /* NavigationBarView.swift */ = {isa = PBXFileReference; lastKnownFileType = sourcecode.swift; path = NavigationBarView.swift; sourceTree = "<group>"; };
		A4013D192628EE5F00DA5F03 /* LogoView.swift */ = {isa = PBXFileReference; lastKnownFileType = sourcecode.swift; path = LogoView.swift; sourceTree = "<group>"; };
		A4013D1C2628F68000DA5F03 /* PlayerModel.swift */ = {isa = PBXFileReference; lastKnownFileType = sourcecode.swift; path = PlayerModel.swift; sourceTree = "<group>"; };
		A4013D202628F73600DA5F03 /* CodableBundleExtension.swift */ = {isa = PBXFileReference; lastKnownFileType = sourcecode.swift; path = CodableBundleExtension.swift; sourceTree = "<group>"; };
		A4013D232628FE6F00DA5F03 /* FeaturedItemView.swift */ = {isa = PBXFileReference; lastKnownFileType = sourcecode.swift; path = FeaturedItemView.swift; sourceTree = "<group>"; };
		A4013D262628FF5300DA5F03 /* FeaturedTabView.swift */ = {isa = PBXFileReference; lastKnownFileType = sourcecode.swift; path = FeaturedTabView.swift; sourceTree = "<group>"; };
		A4013D292629F9DB00DA5F03 /* CategoryModel.swift */ = {isa = PBXFileReference; lastKnownFileType = sourcecode.swift; path = CategoryModel.swift; sourceTree = "<group>"; };
		A4013D2C2629FB9200DA5F03 /* CategoryItemView.swift */ = {isa = PBXFileReference; lastKnownFileType = sourcecode.swift; path = CategoryItemView.swift; sourceTree = "<group>"; };
		A4013D2F2629FE1600DA5F03 /* CategoryGridView.swift */ = {isa = PBXFileReference; lastKnownFileType = sourcecode.swift; path = CategoryGridView.swift; sourceTree = "<group>"; };
		A4013D32262A007800DA5F03 /* SectionView.swift */ = {isa = PBXFileReference; lastKnownFileType = sourcecode.swift; path = SectionView.swift; sourceTree = "<group>"; };
		A4013D35262A035D00DA5F03 /* TitleView.swift */ = {isa = PBXFileReference; lastKnownFileType = sourcecode.swift; path = TitleView.swift; sourceTree = "<group>"; };
		A4013D38262A047E00DA5F03 /* ProductModel.swift */ = {isa = PBXFileReference; lastKnownFileType = sourcecode.swift; path = ProductModel.swift; sourceTree = "<group>"; };
		A4013D3B262A05C300DA5F03 /* ProductItemView.swift */ = {isa = PBXFileReference; lastKnownFileType = sourcecode.swift; path = ProductItemView.swift; sourceTree = "<group>"; };
		A4013D3E262A0D8200DA5F03 /* BrandModel.swift */ = {isa = PBXFileReference; lastKnownFileType = sourcecode.swift; path = BrandModel.swift; sourceTree = "<group>"; };
		A4013D41262A0E6800DA5F03 /* BrandItemView.swift */ = {isa = PBXFileReference; lastKnownFileType = sourcecode.swift; path = BrandItemView.swift; sourceTree = "<group>"; };
		A4013D44262A0FDD00DA5F03 /* BrandGridView.swift */ = {isa = PBXFileReference; lastKnownFileType = sourcecode.swift; path = BrandGridView.swift; sourceTree = "<group>"; };
		A4013D47262A33ED00DA5F03 /* ProductDetailView.swift */ = {isa = PBXFileReference; lastKnownFileType = sourcecode.swift; path = ProductDetailView.swift; sourceTree = "<group>"; };
		A4013D4A262A35DD00DA5F03 /* NavigationBarDetailView.swift */ = {isa = PBXFileReference; lastKnownFileType = sourcecode.swift; path = NavigationBarDetailView.swift; sourceTree = "<group>"; };
		A4013D4D262A37D600DA5F03 /* HeaderDetailView.swift */ = {isa = PBXFileReference; lastKnownFileType = sourcecode.swift; path = HeaderDetailView.swift; sourceTree = "<group>"; };
		A4013D50262A391000DA5F03 /* TopPartDetailView.swift */ = {isa = PBXFileReference; lastKnownFileType = sourcecode.swift; path = TopPartDetailView.swift; sourceTree = "<group>"; };
		A4013D53262A3DF100DA5F03 /* CustomShape.swift */ = {isa = PBXFileReference; lastKnownFileType = sourcecode.swift; path = CustomShape.swift; sourceTree = "<group>"; };
		A4013D56262A40F500DA5F03 /* RatingsSizesDetailView.swift */ = {isa = PBXFileReference; lastKnownFileType = sourcecode.swift; path = RatingsSizesDetailView.swift; sourceTree = "<group>"; };
		A4013D59262A46A300DA5F03 /* QuantityFavouriteDetailView.swift */ = {isa = PBXFileReference; lastKnownFileType = sourcecode.swift; path = QuantityFavouriteDetailView.swift; sourceTree = "<group>"; };
		A4013D5C262A4A1800DA5F03 /* AddToCartDetailView.swift */ = {isa = PBXFileReference; lastKnownFileType = sourcecode.swift; path = AddToCartDetailView.swift; sourceTree = "<group>"; };
		A4013D5F262A4E7F00DA5F03 /* Shop.swift */ = {isa = PBXFileReference; lastKnownFileType = sourcecode.swift; path = Shop.swift; sourceTree = "<group>"; };
/* End PBXFileReference section */

/* Begin PBXFrameworksBuildPhase section */
		A4013CE82628DFE200DA5F03 /* Frameworks */ = {
			isa = PBXFrameworksBuildPhase;
			buildActionMask = 2147483647;
			files = (
			);
			runOnlyForDeploymentPostprocessing = 0;
		};
/* End PBXFrameworksBuildPhase section */

/* Begin PBXGroup section */
		A4013CE22628DFE200DA5F03 = {
			isa = PBXGroup;
			children = (
				A4013CED2628DFE200DA5F03 /* Touchdown */,
				A4013CEC2628DFE200DA5F03 /* Products */,
			);
			sourceTree = "<group>";
		};
		A4013CEC2628DFE200DA5F03 /* Products */ = {
			isa = PBXGroup;
			children = (
				A4013CEB2628DFE200DA5F03 /* Touchdown.app */,
			);
			name = Products;
			sourceTree = "<group>";
		};
		A4013CED2628DFE200DA5F03 /* Touchdown */ = {
			isa = PBXGroup;
			children = (
				A4013D082628E0E400DA5F03 /* App */,
				A4013D0A2628E24D00DA5F03 /* View */,
				A4013CFE2628E0BE00DA5F03 /* Data */,
				A4013D0D2628E27B00DA5F03 /* Model */,
				A4013D0F2628E29A00DA5F03 /* Utility */,
				A4013D0E2628E28A00DA5F03 /* Extension */,
				A4013CF22628DFE600DA5F03 /* Assets.xcassets */,
				A4013CF72628DFE600DA5F03 /* Info.plist */,
				A4013CF42628DFE600DA5F03 /* Preview Content */,
			);
			path = Touchdown;
			sourceTree = "<group>";
		};
		A4013CF42628DFE600DA5F03 /* Preview Content */ = {
			isa = PBXGroup;
			children = (
				A4013CF52628DFE600DA5F03 /* Preview Assets.xcassets */,
			);
			path = "Preview Content";
			sourceTree = "<group>";
		};
		A4013CFE2628E0BE00DA5F03 /* Data */ = {
			isa = PBXGroup;
			children = (
				A4013D002628E0D600DA5F03 /* brand.json */,
				A4013D022628E0D600DA5F03 /* category.json */,
				A4013D012628E0D600DA5F03 /* player.json */,
				A4013CFF2628E0D600DA5F03 /* product.json */,
			);
			path = Data;
			sourceTree = "<group>";
		};
		A4013D082628E0E400DA5F03 /* App */ = {
			isa = PBXGroup;
			children = (
				A4013CEE2628DFE200DA5F03 /* TouchdownApp.swift */,
				A4013CF02628DFE200DA5F03 /* ContentView.swift */,
				A4013D47262A33ED00DA5F03 /* ProductDetailView.swift */,
			);
			path = App;
			sourceTree = "<group>";
		};
		A4013D0A2628E24D00DA5F03 /* View */ = {
			isa = PBXGroup;
			children = (
				A4013D0C2628E26900DA5F03 /* Detail */,
				A4013D0B2628E25C00DA5F03 /* Home */,
			);
			path = View;
			sourceTree = "<group>";
		};
		A4013D0B2628E25C00DA5F03 /* Home */ = {
			isa = PBXGroup;
			children = (
				A4013D132628E4E700DA5F03 /* FooterView.swift */,
				A4013D162628EC1300DA5F03 /* NavigationBarView.swift */,
				A4013D192628EE5F00DA5F03 /* LogoView.swift */,
				A4013D232628FE6F00DA5F03 /* FeaturedItemView.swift */,
				A4013D262628FF5300DA5F03 /* FeaturedTabView.swift */,
				A4013D2C2629FB9200DA5F03 /* CategoryItemView.swift */,
				A4013D2F2629FE1600DA5F03 /* CategoryGridView.swift */,
				A4013D32262A007800DA5F03 /* SectionView.swift */,
				A4013D35262A035D00DA5F03 /* TitleView.swift */,
				A4013D3B262A05C300DA5F03 /* ProductItemView.swift */,
				A4013D41262A0E6800DA5F03 /* BrandItemView.swift */,
				A4013D44262A0FDD00DA5F03 /* BrandGridView.swift */,
			);
			path = Home;
			sourceTree = "<group>";
		};
		A4013D0C2628E26900DA5F03 /* Detail */ = {
			isa = PBXGroup;
			children = (
				A4013D4A262A35DD00DA5F03 /* NavigationBarDetailView.swift */,
				A4013D4D262A37D600DA5F03 /* HeaderDetailView.swift */,
				A4013D50262A391000DA5F03 /* TopPartDetailView.swift */,
				A4013D56262A40F500DA5F03 /* RatingsSizesDetailView.swift */,
				A4013D59262A46A300DA5F03 /* QuantityFavouriteDetailView.swift */,
				A4013D5C262A4A1800DA5F03 /* AddToCartDetailView.swift */,
			);
			path = Detail;
			sourceTree = "<group>";
		};
		A4013D0D2628E27B00DA5F03 /* Model */ = {
			isa = PBXGroup;
			children = (
				A4013D1C2628F68000DA5F03 /* PlayerModel.swift */,
				A4013D292629F9DB00DA5F03 /* CategoryModel.swift */,
				A4013D38262A047E00DA5F03 /* ProductModel.swift */,
				A4013D3E262A0D8200DA5F03 /* BrandModel.swift */,
			);
			path = Model;
			sourceTree = "<group>";
		};
		A4013D0E2628E28A00DA5F03 /* Extension */ = {
			isa = PBXGroup;
			children = (
				A4013D202628F73600DA5F03 /* CodableBundleExtension.swift */,
			);
			path = Extension;
			sourceTree = "<group>";
		};
		A4013D0F2628E29A00DA5F03 /* Utility */ = {
			isa = PBXGroup;
			children = (
				A4013D102628E3B100DA5F03 /* Constant.swift */,
				A4013D53262A3DF100DA5F03 /* CustomShape.swift */,
				A4013D5F262A4E7F00DA5F03 /* Shop.swift */,
			);
			path = Utility;
			sourceTree = "<group>";
		};
/* End PBXGroup section */

/* Begin PBXNativeTarget section */
		A4013CEA2628DFE200DA5F03 /* Touchdown */ = {
			isa = PBXNativeTarget;
			buildConfigurationList = A4013CFA2628DFE600DA5F03 /* Build configuration list for PBXNativeTarget "Touchdown" */;
			buildPhases = (
				A4013CE72628DFE200DA5F03 /* Sources */,
				A4013CE82628DFE200DA5F03 /* Frameworks */,
				A4013CE92628DFE200DA5F03 /* Resources */,
			);
			buildRules = (
			);
			dependencies = (
			);
			name = Touchdown;
			productName = Touchdown;
			productReference = A4013CEB2628DFE200DA5F03 /* Touchdown.app */;
			productType = "com.apple.product-type.application";
		};
/* End PBXNativeTarget section */

/* Begin PBXProject section */
		A4013CE32628DFE200DA5F03 /* Project object */ = {
			isa = PBXProject;
			attributes = {
				LastSwiftUpdateCheck = 1240;
				LastUpgradeCheck = 1240;
				TargetAttributes = {
					A4013CEA2628DFE200DA5F03 = {
						CreatedOnToolsVersion = 12.4;
					};
				};
			};
			buildConfigurationList = A4013CE62628DFE200DA5F03 /* Build configuration list for PBXProject "Touchdown" */;
			compatibilityVersion = "Xcode 9.3";
			developmentRegion = en;
			hasScannedForEncodings = 0;
			knownRegions = (
				en,
				Base,
			);
			mainGroup = A4013CE22628DFE200DA5F03;
			productRefGroup = A4013CEC2628DFE200DA5F03 /* Products */;
			projectDirPath = "";
			projectRoot = "";
			targets = (
				A4013CEA2628DFE200DA5F03 /* Touchdown */,
			);
		};
/* End PBXProject section */

/* Begin PBXResourcesBuildPhase section */
		A4013CE92628DFE200DA5F03 /* Resources */ = {
			isa = PBXResourcesBuildPhase;
			buildActionMask = 2147483647;
			files = (
				A4013D052628E0D600DA5F03 /* player.json in Resources */,
				A4013CF62628DFE600DA5F03 /* Preview Assets.xcassets in Resources */,
				A4013D042628E0D600DA5F03 /* brand.json in Resources */,
				A4013D062628E0D600DA5F03 /* category.json in Resources */,
				A4013CF32628DFE600DA5F03 /* Assets.xcassets in Resources */,
				A4013D032628E0D600DA5F03 /* product.json in Resources */,
			);
			runOnlyForDeploymentPostprocessing = 0;
		};
/* End PBXResourcesBuildPhase section */

/* Begin PBXSourcesBuildPhase section */
		A4013CE72628DFE200DA5F03 /* Sources */ = {
			isa = PBXSourcesBuildPhase;
			buildActionMask = 2147483647;
			files = (
				A4013D212628F73600DA5F03 /* CodableBundleExtension.swift in Sources */,
				A4013D4E262A37D600DA5F03 /* HeaderDetailView.swift in Sources */,
				A4013D51262A391000DA5F03 /* TopPartDetailView.swift in Sources */,
				A4013CF12628DFE200DA5F03 /* ContentView.swift in Sources */,
				A4013D1A2628EE5F00DA5F03 /* LogoView.swift in Sources */,
				A4013D142628E4E700DA5F03 /* FooterView.swift in Sources */,
				A4013D242628FE6F00DA5F03 /* FeaturedItemView.swift in Sources */,
				A4013D3C262A05C300DA5F03 /* ProductItemView.swift in Sources */,
				A4013D5D262A4A1800DA5F03 /* AddToCartDetailView.swift in Sources */,
				A4013D45262A0FDD00DA5F03 /* BrandGridView.swift in Sources */,
				A4013D57262A40F500DA5F03 /* RatingsSizesDetailView.swift in Sources */,
				A4013CEF2628DFE200DA5F03 /* TouchdownApp.swift in Sources */,
				A4013D48262A33ED00DA5F03 /* ProductDetailView.swift in Sources */,
				A4013D4B262A35DD00DA5F03 /* NavigationBarDetailView.swift in Sources */,
				A4013D112628E3B100DA5F03 /* Constant.swift in Sources */,
				A4013D302629FE1600DA5F03 /* CategoryGridView.swift in Sources */,
				A4013D2A2629F9DB00DA5F03 /* CategoryModel.swift in Sources */,
				A4013D1D2628F68000DA5F03 /* PlayerModel.swift in Sources */,
				A4013D33262A007800DA5F03 /* SectionView.swift in Sources */,
				A4013D42262A0E6800DA5F03 /* BrandItemView.swift in Sources */,
				A4013D2D2629FB9200DA5F03 /* CategoryItemView.swift in Sources */,
				A4013D272628FF5300DA5F03 /* FeaturedTabView.swift in Sources */,
				A4013D54262A3DF100DA5F03 /* CustomShape.swift in Sources */,
				A4013D172628EC1300DA5F03 /* NavigationBarView.swift in Sources */,
				A4013D60262A4E7F00DA5F03 /* Shop.swift in Sources */,
				A4013D3F262A0D8200DA5F03 /* BrandModel.swift in Sources */,
				A4013D36262A035D00DA5F03 /* TitleView.swift in Sources */,
				A4013D5A262A46A300DA5F03 /* QuantityFavouriteDetailView.swift in Sources */,
				A4013D39262A047E00DA5F03 /* ProductModel.swift in Sources */,
			);
			runOnlyForDeploymentPostprocessing = 0;
		};
/* End PBXSourcesBuildPhase section */

/* Begin XCBuildConfiguration section */
		A4013CF82628DFE600DA5F03 /* Debug */ = {
			isa = XCBuildConfiguration;
			buildSettings = {
				ALWAYS_SEARCH_USER_PATHS = NO;
				CLANG_ANALYZER_NONNULL = YES;
				CLANG_ANALYZER_NUMBER_OBJECT_CONVERSION = YES_AGGRESSIVE;
				CLANG_CXX_LANGUAGE_STANDARD = "gnu++14";
				CLANG_CXX_LIBRARY = "libc++";
				CLANG_ENABLE_MODULES = YES;
				CLANG_ENABLE_OBJC_ARC = YES;
				CLANG_ENABLE_OBJC_WEAK = YES;
				CLANG_WARN_BLOCK_CAPTURE_AUTORELEASING = YES;
				CLANG_WARN_BOOL_CONVERSION = YES;
				CLANG_WARN_COMMA = YES;
				CLANG_WARN_CONSTANT_CONVERSION = YES;
				CLANG_WARN_DEPRECATED_OBJC_IMPLEMENTATIONS = YES;
				CLANG_WARN_DIRECT_OBJC_ISA_USAGE = YES_ERROR;
				CLANG_WARN_DOCUMENTATION_COMMENTS = YES;
				CLANG_WARN_EMPTY_BODY = YES;
				CLANG_WARN_ENUM_CONVERSION = YES;
				CLANG_WARN_INFINITE_RECURSION = YES;
				CLANG_WARN_INT_CONVERSION = YES;
				CLANG_WARN_NON_LITERAL_NULL_CONVERSION = YES;
				CLANG_WARN_OBJC_IMPLICIT_RETAIN_SELF = YES;
				CLANG_WARN_OBJC_LITERAL_CONVERSION = YES;
				CLANG_WARN_OBJC_ROOT_CLASS = YES_ERROR;
				CLANG_WARN_QUOTED_INCLUDE_IN_FRAMEWORK_HEADER = YES;
				CLANG_WARN_RANGE_LOOP_ANALYSIS = YES;
				CLANG_WARN_STRICT_PROTOTYPES = YES;
				CLANG_WARN_SUSPICIOUS_MOVE = YES;
				CLANG_WARN_UNGUARDED_AVAILABILITY = YES_AGGRESSIVE;
				CLANG_WARN_UNREACHABLE_CODE = YES;
				CLANG_WARN__DUPLICATE_METHOD_MATCH = YES;
				COPY_PHASE_STRIP = NO;
				DEBUG_INFORMATION_FORMAT = dwarf;
				ENABLE_STRICT_OBJC_MSGSEND = YES;
				ENABLE_TESTABILITY = YES;
				GCC_C_LANGUAGE_STANDARD = gnu11;
				GCC_DYNAMIC_NO_PIC = NO;
				GCC_NO_COMMON_BLOCKS = YES;
				GCC_OPTIMIZATION_LEVEL = 0;
				GCC_PREPROCESSOR_DEFINITIONS = (
					"DEBUG=1",
					"$(inherited)",
				);
				GCC_WARN_64_TO_32_BIT_CONVERSION = YES;
				GCC_WARN_ABOUT_RETURN_TYPE = YES_ERROR;
				GCC_WARN_UNDECLARED_SELECTOR = YES;
				GCC_WARN_UNINITIALIZED_AUTOS = YES_AGGRESSIVE;
				GCC_WARN_UNUSED_FUNCTION = YES;
				GCC_WARN_UNUSED_VARIABLE = YES;
				IPHONEOS_DEPLOYMENT_TARGET = 14.4;
				MTL_ENABLE_DEBUG_INFO = INCLUDE_SOURCE;
				MTL_FAST_MATH = YES;
				ONLY_ACTIVE_ARCH = YES;
				SDKROOT = iphoneos;
				SWIFT_ACTIVE_COMPILATION_CONDITIONS = DEBUG;
				SWIFT_OPTIMIZATION_LEVEL = "-Onone";
			};
			name = Debug;
		};
		A4013CF92628DFE600DA5F03 /* Release */ = {
			isa = XCBuildConfiguration;
			buildSettings = {
				ALWAYS_SEARCH_USER_PATHS = NO;
				CLANG_ANALYZER_NONNULL = YES;
				CLANG_ANALYZER_NUMBER_OBJECT_CONVERSION = YES_AGGRESSIVE;
				CLANG_CXX_LANGUAGE_STANDARD = "gnu++14";
				CLANG_CXX_LIBRARY = "libc++";
				CLANG_ENABLE_MODULES = YES;
				CLANG_ENABLE_OBJC_ARC = YES;
				CLANG_ENABLE_OBJC_WEAK = YES;
				CLANG_WARN_BLOCK_CAPTURE_AUTORELEASING = YES;
				CLANG_WARN_BOOL_CONVERSION = YES;
				CLANG_WARN_COMMA = YES;
				CLANG_WARN_CONSTANT_CONVERSION = YES;
				CLANG_WARN_DEPRECATED_OBJC_IMPLEMENTATIONS = YES;
				CLANG_WARN_DIRECT_OBJC_ISA_USAGE = YES_ERROR;
				CLANG_WARN_DOCUMENTATION_COMMENTS = YES;
				CLANG_WARN_EMPTY_BODY = YES;
				CLANG_WARN_ENUM_CONVERSION = YES;
				CLANG_WARN_INFINITE_RECURSION = YES;
				CLANG_WARN_INT_CONVERSION = YES;
				CLANG_WARN_NON_LITERAL_NULL_CONVERSION = YES;
				CLANG_WARN_OBJC_IMPLICIT_RETAIN_SELF = YES;
				CLANG_WARN_OBJC_LITERAL_CONVERSION = YES;
				CLANG_WARN_OBJC_ROOT_CLASS = YES_ERROR;
				CLANG_WARN_QUOTED_INCLUDE_IN_FRAMEWORK_HEADER = YES;
				CLANG_WARN_RANGE_LOOP_ANALYSIS = YES;
				CLANG_WARN_STRICT_PROTOTYPES = YES;
				CLANG_WARN_SUSPICIOUS_MOVE = YES;
				CLANG_WARN_UNGUARDED_AVAILABILITY = YES_AGGRESSIVE;
				CLANG_WARN_UNREACHABLE_CODE = YES;
				CLANG_WARN__DUPLICATE_METHOD_MATCH = YES;
				COPY_PHASE_STRIP = NO;
				DEBUG_INFORMATION_FORMAT = "dwarf-with-dsym";
				ENABLE_NS_ASSERTIONS = NO;
				ENABLE_STRICT_OBJC_MSGSEND = YES;
				GCC_C_LANGUAGE_STANDARD = gnu11;
				GCC_NO_COMMON_BLOCKS = YES;
				GCC_WARN_64_TO_32_BIT_CONVERSION = YES;
				GCC_WARN_ABOUT_RETURN_TYPE = YES_ERROR;
				GCC_WARN_UNDECLARED_SELECTOR = YES;
				GCC_WARN_UNINITIALIZED_AUTOS = YES_AGGRESSIVE;
				GCC_WARN_UNUSED_FUNCTION = YES;
				GCC_WARN_UNUSED_VARIABLE = YES;
				IPHONEOS_DEPLOYMENT_TARGET = 14.4;
				MTL_ENABLE_DEBUG_INFO = NO;
				MTL_FAST_MATH = YES;
				SDKROOT = iphoneos;
				SWIFT_COMPILATION_MODE = wholemodule;
				SWIFT_OPTIMIZATION_LEVEL = "-O";
				VALIDATE_PRODUCT = YES;
			};
			name = Release;
		};
		A4013CFB2628DFE600DA5F03 /* Debug */ = {
			isa = XCBuildConfiguration;
			buildSettings = {
				ASSETCATALOG_COMPILER_APPICON_NAME = AppIcon;
				ASSETCATALOG_COMPILER_GLOBAL_ACCENT_COLOR_NAME = AccentColor;
				CODE_SIGN_STYLE = Automatic;
				DEVELOPMENT_ASSET_PATHS = "\"Touchdown/Preview Content\"";
				DEVELOPMENT_TEAM = DG325NLY4F;
				ENABLE_PREVIEWS = YES;
				INFOPLIST_FILE = Touchdown/Info.plist;
				IPHONEOS_DEPLOYMENT_TARGET = 14.0;
				LD_RUNPATH_SEARCH_PATHS = (
					"$(inherited)",
					"@executable_path/Frameworks",
				);
				PRODUCT_BUNDLE_IDENTIFIER = evgeniiL.Touchdown;
				PRODUCT_NAME = "$(TARGET_NAME)";
				SWIFT_VERSION = 5.0;
				TARGETED_DEVICE_FAMILY = "1,2";
			};
			name = Debug;
		};
		A4013CFC2628DFE600DA5F03 /* Release */ = {
			isa = XCBuildConfiguration;
			buildSettings = {
				ASSETCATALOG_COMPILER_APPICON_NAME = AppIcon;
				ASSETCATALOG_COMPILER_GLOBAL_ACCENT_COLOR_NAME = AccentColor;
				CODE_SIGN_STYLE = Automatic;
				DEVELOPMENT_ASSET_PATHS = "\"Touchdown/Preview Content\"";
				DEVELOPMENT_TEAM = DG325NLY4F;
				ENABLE_PREVIEWS = YES;
				INFOPLIST_FILE = Touchdown/Info.plist;
				IPHONEOS_DEPLOYMENT_TARGET = 14.0;
				LD_RUNPATH_SEARCH_PATHS = (
					"$(inherited)",
					"@executable_path/Frameworks",
				);
				PRODUCT_BUNDLE_IDENTIFIER = evgeniiL.Touchdown;
				PRODUCT_NAME = "$(TARGET_NAME)";
				SWIFT_VERSION = 5.0;
				TARGETED_DEVICE_FAMILY = "1,2";
			};
			name = Release;
		};
/* End XCBuildConfiguration section */

/* Begin XCConfigurationList section */
		A4013CE62628DFE200DA5F03 /* Build configuration list for PBXProject "Touchdown" */ = {
			isa = XCConfigurationList;
			buildConfigurations = (
				A4013CF82628DFE600DA5F03 /* Debug */,
				A4013CF92628DFE600DA5F03 /* Release */,
			);
			defaultConfigurationIsVisible = 0;
			defaultConfigurationName = Release;
		};
		A4013CFA2628DFE600DA5F03 /* Build configuration list for PBXNativeTarget "Touchdown" */ = {
			isa = XCConfigurationList;
			buildConfigurations = (
				A4013CFB2628DFE600DA5F03 /* Debug */,
				A4013CFC2628DFE600DA5F03 /* Release */,
			);
			defaultConfigurationIsVisible = 0;
			defaultConfigurationName = Release;
		};
/* End XCConfigurationList section */
	};
	rootObject = A4013CE32628DFE200DA5F03 /* Project object */;
}
